
Microsoft Visual Studio Solution File, Format Version 12.00
# Visual Studio 15
VisualStudioVersion = 15.0.28010.2016
MinimumVisualStudioVersion = 10.0.40219.1
Project("{FAE04EC0-301F-11D3-BF4B-00C04F79EFBC}") = "DZ2zad1", "DZ2zad1\DZ2zad1.csproj", "{7893AEEE-FEFF-4A71-863E-8876DBDA5621}"
EndProject
Global
	GlobalSection(SolutionConfigurationPlatforms) = preSolution
		Debug|Any CPU = Debug|Any CPU
		Release|Any CPU = Release|Any CPU
	EndGlobalSection
	GlobalSection(ProjectConfigurationPlatforms) = postSolution
		{7893AEEE-FEFF-4A71-863E-8876DBDA5621}.Debug|Any CPU.ActiveCfg = Debug|Any CPU
		{7893AEEE-FEFF-4A71-863E-8876DBDA5621}.Debug|Any CPU.Build.0 = Debug|Any CPU
		{7893AEEE-FEFF-4A71-863E-8876DBDA5621}.Release|Any CPU.ActiveCfg = Release|Any CPU
		{7893AEEE-FEFF-4A71-863E-8876DBDA5621}.Release|Any CPU.Build.0 = Release|Any CPU
	EndGlobalSection
	GlobalSection(SolutionProperties) = preSolution
		HideSolutionNode = FALSE
	EndGlobalSection
	GlobalSection(ExtensibilityGlobals) = postSolution
		SolutionGuid = {E213C9BE-9287-42E2-AF06-0FAC6BC434E4}
	EndGlobalSection
EndGlobal
